[ "pgsql": {:git,"https://github.com/semiocast/pgsql.git","2df33a2925e097aecf28eaefc5bb4c686f347c0e",[]},
  "poolboy": {:git,"https://github.com/devinus/poolboy.git","b256f3eba003c8f393df49e6e4d906ebd507c7f0",[]},
  "validatex": {:git,"https://github.com/yrashk/validatex.git","e58263f162aaa6fb5b8476f50fd04cc8755d1da5",[]} ]
