[ "epgsql": {:git,"https://github.com/wg/epgsql.git","3318bd5d646cad0623ae9dcc6df015bb85258a63",[]},
  "epgsql_pool": {:git,"https://github.com/devinus/epgsql_pool.git","93423f715cf27805a260768293bee487495f6ff7",[]},
  "genx": {:git,"https://github.com/yrashk/genx.git","1a37f862edba8a8bec342ae4945fac623f2e49ab",[]},
  "poolboy": {:git,"https://github.com/devinus/poolboy.git","2a035135dc3e1e2aeb0f69365171fc9e9a2e82df",[]} ]
